// !$*UTF8*$!
{
	archiveVersion = 1;
	classes = {
	};
	objectVersion = 56;
	objects = {

/* Begin PBXBuildFile section */
		6D0DB896291E94EC00D089A0 /* MoyaService.swift in Sources */ = {isa = PBXBuildFile; fileRef = 6D0DB895291E94EC00D089A0 /* MoyaService.swift */; };
		6D0DB899291F877900D089A0 /* ViewModel.swift in Sources */ = {isa = PBXBuildFile; fileRef = 6D0DB898291F877900D089A0 /* ViewModel.swift */; };
		6D0DB89C291F8D7000D089A0 /* UserModel.swift in Sources */ = {isa = PBXBuildFile; fileRef = 6D0DB89B291F8D7000D089A0 /* UserModel.swift */; };
		6D334B19291E93060019F37C /* AppDelegate.swift in Sources */ = {isa = PBXBuildFile; fileRef = 6D334B18291E93060019F37C /* AppDelegate.swift */; };
		6D334B1B291E93060019F37C /* SceneDelegate.swift in Sources */ = {isa = PBXBuildFile; fileRef = 6D334B1A291E93060019F37C /* SceneDelegate.swift */; };
		6D334B1D291E93060019F37C /* ViewController.swift in Sources */ = {isa = PBXBuildFile; fileRef = 6D334B1C291E93060019F37C /* ViewController.swift */; };
		6D334B20291E93060019F37C /* Main.storyboard in Resources */ = {isa = PBXBuildFile; fileRef = 6D334B1E291E93060019F37C /* Main.storyboard */; };
		6D334B22291E93090019F37C /* Assets.xcassets in Resources */ = {isa = PBXBuildFile; fileRef = 6D334B21291E93090019F37C /* Assets.xcassets */; };
		6D334B25291E93090019F37C /* LaunchScreen.storyboard in Resources */ = {isa = PBXBuildFile; fileRef = 6D334B23291E93090019F37C /* LaunchScreen.storyboard */; };
		85E6FA7ADC3EDE74D8B576E7 /* Pods_YTMoyaWithRxDemo.framework in Frameworks */ = {isa = PBXBuildFile; fileRef = D66EACCFCBC53F25B210CA74 /* Pods_YTMoyaWithRxDemo.framework */; };
/* End PBXBuildFile section */

/* Begin PBXFileReference section */
		07CE4C1B7D6D7A63119BC917 /* Pods-YTMoyaWithRxDemo.debug.xcconfig */ = {isa = PBXFileReference; includeInIndex = 1; lastKnownFileType = text.xcconfig; name = "Pods-YTMoyaWithRxDemo.debug.xcconfig"; path = "Target Support Files/Pods-YTMoyaWithRxDemo/Pods-YTMoyaWithRxDemo.debug.xcconfig"; sourceTree = "<group>"; };
		6D0DB895291E94EC00D089A0 /* MoyaService.swift */ = {isa = PBXFileReference; lastKnownFileType = sourcecode.swift; path = MoyaService.swift; sourceTree = "<group>"; };
		6D0DB898291F877900D089A0 /* ViewModel.swift */ = {isa = PBXFileReference; lastKnownFileType = sourcecode.swift; path = ViewModel.swift; sourceTree = "<group>"; };
		6D0DB89B291F8D7000D089A0 /* UserModel.swift */ = {isa = PBXFileReference; lastKnownFileType = sourcecode.swift; path = UserModel.swift; sourceTree = "<group>"; };
		6D334B15291E93060019F37C /* YTMoyaWithRxDemo.app */ = {isa = PBXFileReference; explicitFileType = wrapper.application; includeInIndex = 0; path = YTMoyaWithRxDemo.app; sourceTree = BUILT_PRODUCTS_DIR; };
		6D334B18291E93060019F37C /* AppDelegate.swift */ = {isa = PBXFileReference; lastKnownFileType = sourcecode.swift; path = AppDelegate.swift; sourceTree = "<group>"; };
		6D334B1A291E93060019F37C /* SceneDelegate.swift */ = {isa = PBXFileReference; lastKnownFileType = sourcecode.swift; path = SceneDelegate.swift; sourceTree = "<group>"; };
		6D334B1C291E93060019F37C /* ViewController.swift */ = {isa = PBXFileReference; lastKnownFileType = sourcecode.swift; path = ViewController.swift; sourceTree = "<group>"; };
		6D334B1F291E93060019F37C /* Base */ = {isa = PBXFileReference; lastKnownFileType = file.storyboard; name = Base; path = Base.lproj/Main.storyboard; sourceTree = "<group>"; };
		6D334B21291E93090019F37C /* Assets.xcassets */ = {isa = PBXFileReference; lastKnownFileType = folder.assetcatalog; path = Assets.xcassets; sourceTree = "<group>"; };
		6D334B24291E93090019F37C /* Base */ = {isa = PBXFileReference; lastKnownFileType = file.storyboard; name = Base; path = Base.lproj/LaunchScreen.storyboard; sourceTree = "<group>"; };
		6D334B26291E93090019F37C /* Info.plist */ = {isa = PBXFileReference; lastKnownFileType = text.plist.xml; path = Info.plist; sourceTree = "<group>"; };
		9EB89AA0217F63C0D0A2B564 /* Pods-YTMoyaWithRxDemo.release.xcconfig */ = {isa = PBXFileReference; includeInIndex = 1; lastKnownFileType = text.xcconfig; name = "Pods-YTMoyaWithRxDemo.release.xcconfig"; path = "Target Support Files/Pods-YTMoyaWithRxDemo/Pods-YTMoyaWithRxDemo.release.xcconfig"; sourceTree = "<group>"; };
		D66EACCFCBC53F25B210CA74 /* Pods_YTMoyaWithRxDemo.framework */ = {isa = PBXFileReference; explicitFileType = wrapper.framework; includeInIndex = 0; path = Pods_YTMoyaWithRxDemo.framework; sourceTree = BUILT_PRODUCTS_DIR; };
/* End PBXFileReference section */

/* Begin PBXFrameworksBuildPhase section */
		6D334B12291E93060019F37C /* Frameworks */ = {
			isa = PBXFrameworksBuildPhase;
			buildActionMask = 2147483647;
			files = (
				85E6FA7ADC3EDE74D8B576E7 /* Pods_YTMoyaWithRxDemo.framework in Frameworks */,
			);
			runOnlyForDeploymentPostprocessing = 0;
		};
/* End PBXFrameworksBuildPhase section */

/* Begin PBXGroup section */
		4F9C6A4BA53F94CE2238DE8C /* Pods */ = {
			isa = PBXGroup;
			children = (
				07CE4C1B7D6D7A63119BC917 /* Pods-YTMoyaWithRxDemo.debug.xcconfig */,
				9EB89AA0217F63C0D0A2B564 /* Pods-YTMoyaWithRxDemo.release.xcconfig */,
			);
			path = Pods;
			sourceTree = "<group>";
		};
		6D0DB894291E94C900D089A0 /* NetworkLayer */ = {
			isa = PBXGroup;
			children = (
				6D0DB895291E94EC00D089A0 /* MoyaService.swift */,
			);
			path = NetworkLayer;
			sourceTree = "<group>";
		};
		6D0DB897291F876700D089A0 /* ViewModels */ = {
			isa = PBXGroup;
			children = (
				6D0DB898291F877900D089A0 /* ViewModel.swift */,
			);
			path = ViewModels;
			sourceTree = "<group>";
		};
		6D0DB89A291F8D6000D089A0 /* Models */ = {
			isa = PBXGroup;
			children = (
				6D0DB89B291F8D7000D089A0 /* UserModel.swift */,
			);
			path = Models;
			sourceTree = "<group>";
		};
		6D334B0C291E93060019F37C = {
			isa = PBXGroup;
			children = (
				6D334B17291E93060019F37C /* YTMoyaWithRxDemo */,
				6D334B16291E93060019F37C /* Products */,
				4F9C6A4BA53F94CE2238DE8C /* Pods */,
				C2E2EDCB2AA844EF411EBD0F /* Frameworks */,
			);
			sourceTree = "<group>";
		};
		6D334B16291E93060019F37C /* Products */ = {
			isa = PBXGroup;
			children = (
				6D334B15291E93060019F37C /* YTMoyaWithRxDemo.app */,
			);
			name = Products;
			sourceTree = "<group>";
		};
		6D334B17291E93060019F37C /* YTMoyaWithRxDemo */ = {
			isa = PBXGroup;
			children = (
				6D0DB89A291F8D6000D089A0 /* Models */,
				6D0DB897291F876700D089A0 /* ViewModels */,
				6D0DB894291E94C900D089A0 /* NetworkLayer */,
				6D334B18291E93060019F37C /* AppDelegate.swift */,
				6D334B1A291E93060019F37C /* SceneDelegate.swift */,
				6D334B1C291E93060019F37C /* ViewController.swift */,
				6D334B1E291E93060019F37C /* Main.storyboard */,
				6D334B21291E93090019F37C /* Assets.xcassets */,
				6D334B23291E93090019F37C /* LaunchScreen.storyboard */,
				6D334B26291E93090019F37C /* Info.plist */,
			);
			path = YTMoyaWithRxDemo;
			sourceTree = "<group>";
		};
		C2E2EDCB2AA844EF411EBD0F /* Frameworks */ = {
			isa = PBXGroup;
			children = (
				D66EACCFCBC53F25B210CA74 /* Pods_YTMoyaWithRxDemo.framework */,
			);
			name = Frameworks;
			sourceTree = "<group>";
		};
/* End PBXGroup section */

/* Begin PBXNativeTarget section */
		6D334B14291E93060019F37C /* YTMoyaWithRxDemo */ = {
			isa = PBXNativeTarget;
			buildConfigurationList = 6D334B29291E93090019F37C /* Build configuration list for PBXNativeTarget "YTMoyaWithRxDemo" */;
			buildPhases = (
				984674109CC4B71C70E85493 /* [CP] Check Pods Manifest.lock */,
				6D334B11291E93060019F37C /* Sources */,
				6D334B12291E93060019F37C /* Frameworks */,
				6D334B13291E93060019F37C /* Resources */,
				9CD1399104CB014B859F3C9B /* [CP] Embed Pods Frameworks */,
			);
			buildRules = (
			);
			dependencies = (
			);
			name = YTMoyaWithRxDemo;
			productName = YTMoyaWithRxDemo;
			productReference = 6D334B15291E93060019F37C /* YTMoyaWithRxDemo.app */;
			productType = "com.apple.product-type.application";
		};
/* End PBXNativeTarget section */

/* Begin PBXProject section */
		6D334B0D291E93060019F37C /* Project object */ = {
			isa = PBXProject;
			attributes = {
				BuildIndependentTargetsInParallel = 1;
				LastSwiftUpdateCheck = 1410;
				LastUpgradeCheck = 1410;
				TargetAttributes = {
					6D334B14291E93060019F37C = {
						CreatedOnToolsVersion = 14.1;
					};
				};
			};
			buildConfigurationList = 6D334B10291E93060019F37C /* Build configuration list for PBXProject "YTMoyaWithRxDemo" */;
			compatibilityVersion = "Xcode 14.0";
			developmentRegion = en;
			hasScannedForEncodings = 0;
			knownRegions = (
				en,
				Base,
			);
			mainGroup = 6D334B0C291E93060019F37C;
			productRefGroup = 6D334B16291E93060019F37C /* Products */;
			projectDirPath = "";
			projectRoot = "";
			targets = (
				6D334B14291E93060019F37C /* YTMoyaWithRxDemo */,
			);
		};
/* End PBXProject section */

/* Begin PBXResourcesBuildPhase section */
		6D334B13291E93060019F37C /* Resources */ = {
			isa = PBXResourcesBuildPhase;
			buildActionMask = 2147483647;
			files = (
				6D334B25291E93090019F37C /* LaunchScreen.storyboard in Resources */,
				6D334B22291E93090019F37C /* Assets.xcassets in Resources */,
				6D334B20291E93060019F37C /* Main.storyboard in Resources */,
			);
			runOnlyForDeploymentPostprocessing = 0;
		};
/* End PBXResourcesBuildPhase section */

/* Begin PBXShellScriptBuildPhase section */
		984674109CC4B71C70E85493 /* [CP] Check Pods Manifest.lock */ = {
			isa = PBXShellScriptBuildPhase;
			buildActionMask = 2147483647;
			files = (
			);
			inputFileListPaths = (
			);
			inputPaths = (
				"${PODS_PODFILE_DIR_PATH}/Podfile.lock",
				"${PODS_ROOT}/Manifest.lock",
			);
			name = "[CP] Check Pods Manifest.lock";
			outputFileListPaths = (
			);
			outputPaths = (
				"$(DERIVED_FILE_DIR)/Pods-YTMoyaWithRxDemo-checkManifestLockResult.txt",
			);
			runOnlyForDeploymentPostprocessing = 0;
			shellPath = /bin/sh;
			shellScript = "diff \"${PODS_PODFILE_DIR_PATH}/Podfile.lock\" \"${PODS_ROOT}/Manifest.lock\" > /dev/null\nif [ $? != 0 ] ; then\n    # print error to STDERR\n    echo \"error: The sandbox is not in sync with the Podfile.lock. Run 'pod install' or update your CocoaPods installation.\" >&2\n    exit 1\nfi\n# This output is used by Xcode 'outputs' to avoid re-running this script phase.\necho \"SUCCESS\" > \"${SCRIPT_OUTPUT_FILE_0}\"\n";
			showEnvVarsInLog = 0;
		};
		9CD1399104CB014B859F3C9B /* [CP] Embed Pods Frameworks */ = {
			isa = PBXShellScriptBuildPhase;
			buildActionMask = 2147483647;
			files = (
			);
			inputFileListPaths = (
				"${PODS_ROOT}/Target Support Files/Pods-YTMoyaWithRxDemo/Pods-YTMoyaWithRxDemo-frameworks-${CONFIGURATION}-input-files.xcfilelist",
			);
			name = "[CP] Embed Pods Frameworks";
			outputFileListPaths = (
				"${PODS_ROOT}/Target Support Files/Pods-YTMoyaWithRxDemo/Pods-YTMoyaWithRxDemo-frameworks-${CONFIGURATION}-output-files.xcfilelist",
			);
			runOnlyForDeploymentPostprocessing = 0;
			shellPath = /bin/sh;
			shellScript = "\"${PODS_ROOT}/Target Support Files/Pods-YTMoyaWithRxDemo/Pods-YTMoyaWithRxDemo-frameworks.sh\"\n";
			showEnvVarsInLog = 0;
		};
/* End PBXShellScriptBuildPhase section */

/* Begin PBXSourcesBuildPhase section */
		6D334B11291E93060019F37C /* Sources */ = {
			isa = PBXSourcesBuildPhase;
			buildActionMask = 2147483647;
			files = (
				6D0DB899291F877900D089A0 /* ViewModel.swift in Sources */,
				6D334B1D291E93060019F37C /* ViewController.swift in Sources */,
				6D0DB89C291F8D7000D089A0 /* UserModel.swift in Sources */,
				6D334B19291E93060019F37C /* AppDelegate.swift in Sources */,
				6D334B1B291E93060019F37C /* SceneDelegate.swift in Sources */,
				6D0DB896291E94EC00D089A0 /* MoyaService.swift in Sources */,
			);
			runOnlyForDeploymentPostprocessing = 0;
		};
/* End PBXSourcesBuildPhase section */

/* Begin PBXVariantGroup section */
		6D334B1E291E93060019F37C /* Main.storyboard */ = {
			isa = PBXVariantGroup;
			children = (
				6D334B1F291E93060019F37C /* Base */,
			);
			name = Main.storyboard;
			sourceTree = "<group>";
		};
		6D334B23291E93090019F37C /* LaunchScreen.storyboard */ = {
			isa = PBXVariantGroup;
			children = (
				6D334B24291E93090019F37C /* Base */,
			);
			name = LaunchScreen.storyboard;
			sourceTree = "<group>";
		};
/* End PBXVariantGroup section */

/* Begin XCBuildConfiguration section */
		6D334B27291E93090019F37C /* Debug */ = {
			isa = XCBuildConfiguration;
			buildSettings = {
				ALWAYS_SEARCH_USER_PATHS = NO;
				CLANG_ANALYZER_NONNULL = YES;
				CLANG_ANALYZER_NUMBER_OBJECT_CONVERSION = YES_AGGRESSIVE;
				CLANG_CXX_LANGUAGE_STANDARD = "gnu++20";
				CLANG_ENABLE_MODULES = YES;
				CLANG_ENABLE_OBJC_ARC = YES;
				CLANG_ENABLE_OBJC_WEAK = YES;
				CLANG_WARN_BLOCK_CAPTURE_AUTORELEASING = YES;
				CLANG_WARN_BOOL_CONVERSION = YES;
				CLANG_WARN_COMMA = YES;
				CLANG_WARN_CONSTANT_CONVERSION = YES;
				CLANG_WARN_DEPRECATED_OBJC_IMPLEMENTATIONS = YES;
				CLANG_WARN_DIRECT_OBJC_ISA_USAGE = YES_ERROR;
				CLANG_WARN_DOCUMENTATION_COMMENTS = YES;
				CLANG_WARN_EMPTY_BODY = YES;
				CLANG_WARN_ENUM_CONVERSION = YES;
				CLANG_WARN_INFINITE_RECURSION = YES;
				CLANG_WARN_INT_CONVERSION = YES;
				CLANG_WARN_NON_LITERAL_NULL_CONVERSION = YES;
				CLANG_WARN_OBJC_IMPLICIT_RETAIN_SELF = YES;
				CLANG_WARN_OBJC_LITERAL_CONVERSION = YES;
				CLANG_WARN_OBJC_ROOT_CLASS = YES_ERROR;
				CLANG_WARN_QUOTED_INCLUDE_IN_FRAMEWORK_HEADER = YES;
				CLANG_WARN_RANGE_LOOP_ANALYSIS = YES;
				CLANG_WARN_STRICT_PROTOTYPES = YES;
				CLANG_WARN_SUSPICIOUS_MOVE = YES;
				CLANG_WARN_UNGUARDED_AVAILABILITY = YES_AGGRESSIVE;
				CLANG_WARN_UNREACHABLE_CODE = YES;
				CLANG_WARN__DUPLICATE_METHOD_MATCH = YES;
				COPY_PHASE_STRIP = NO;
				DEBUG_INFORMATION_FORMAT = dwarf;
				ENABLE_STRICT_OBJC_MSGSEND = YES;
				ENABLE_TESTABILITY = YES;
				GCC_C_LANGUAGE_STANDARD = gnu11;
				GCC_DYNAMIC_NO_PIC = NO;
				GCC_NO_COMMON_BLOCKS = YES;
				GCC_OPTIMIZATION_LEVEL = 0;
				GCC_PREPROCESSOR_DEFINITIONS = (
					"DEBUG=1",
					"$(inherited)",
				);
				GCC_WARN_64_TO_32_BIT_CONVERSION = YES;
				GCC_WARN_ABOUT_RETURN_TYPE = YES_ERROR;
				GCC_WARN_UNDECLARED_SELECTOR = YES;
				GCC_WARN_UNINITIALIZED_AUTOS = YES_AGGRESSIVE;
				GCC_WARN_UNUSED_FUNCTION = YES;
				GCC_WARN_UNUSED_VARIABLE = YES;
				IPHONEOS_DEPLOYMENT_TARGET = 16.1;
				MTL_ENABLE_DEBUG_INFO = INCLUDE_SOURCE;
				MTL_FAST_MATH = YES;
				ONLY_ACTIVE_ARCH = YES;
				SDKROOT = iphoneos;
				SWIFT_ACTIVE_COMPILATION_CONDITIONS = DEBUG;
				SWIFT_OPTIMIZATION_LEVEL = "-Onone";
			};
			name = Debug;
		};
		6D334B28291E93090019F37C /* Release */ = {
			isa = XCBuildConfiguration;
			buildSettings = {
				ALWAYS_SEARCH_USER_PATHS = NO;
				CLANG_ANALYZER_NONNULL = YES;
				CLANG_ANALYZER_NUMBER_OBJECT_CONVERSION = YES_AGGRESSIVE;
				CLANG_CXX_LANGUAGE_STANDARD = "gnu++20";
				CLANG_ENABLE_MODULES = YES;
				CLANG_ENABLE_OBJC_ARC = YES;
				CLANG_ENABLE_OBJC_WEAK = YES;
				CLANG_WARN_BLOCK_CAPTURE_AUTORELEASING = YES;
				CLANG_WARN_BOOL_CONVERSION = YES;
				CLANG_WARN_COMMA = YES;
				CLANG_WARN_CONSTANT_CONVERSION = YES;
				CLANG_WARN_DEPRECATED_OBJC_IMPLEMENTATIONS = YES;
				CLANG_WARN_DIRECT_OBJC_ISA_USAGE = YES_ERROR;
				CLANG_WARN_DOCUMENTATION_COMMENTS = YES;
				CLANG_WARN_EMPTY_BODY = YES;
				CLANG_WARN_ENUM_CONVERSION = YES;
				CLANG_WARN_INFINITE_RECURSION = YES;
				CLANG_WARN_INT_CONVERSION = YES;
				CLANG_WARN_NON_LITERAL_NULL_CONVERSION = YES;
				CLANG_WARN_OBJC_IMPLICIT_RETAIN_SELF = YES;
				CLANG_WARN_OBJC_LITERAL_CONVERSION = YES;
				CLANG_WARN_OBJC_ROOT_CLASS = YES_ERROR;
				CLANG_WARN_QUOTED_INCLUDE_IN_FRAMEWORK_HEADER = YES;
				CLANG_WARN_RANGE_LOOP_ANALYSIS = YES;
				CLANG_WARN_STRICT_PROTOTYPES = YES;
				CLANG_WARN_SUSPICIOUS_MOVE = YES;
				CLANG_WARN_UNGUARDED_AVAILABILITY = YES_AGGRESSIVE;
				CLANG_WARN_UNREACHABLE_CODE = YES;
				CLANG_WARN__DUPLICATE_METHOD_MATCH = YES;
				COPY_PHASE_STRIP = NO;
				DEBUG_INFORMATION_FORMAT = "dwarf-with-dsym";
				ENABLE_NS_ASSERTIONS = NO;
				ENABLE_STRICT_OBJC_MSGSEND = YES;
				GCC_C_LANGUAGE_STANDARD = gnu11;
				GCC_NO_COMMON_BLOCKS = YES;
				GCC_WARN_64_TO_32_BIT_CONVERSION = YES;
				GCC_WARN_ABOUT_RETURN_TYPE = YES_ERROR;
				GCC_WARN_UNDECLARED_SELECTOR = YES;
				GCC_WARN_UNINITIALIZED_AUTOS = YES_AGGRESSIVE;
				GCC_WARN_UNUSED_FUNCTION = YES;
				GCC_WARN_UNUSED_VARIABLE = YES;
				IPHONEOS_DEPLOYMENT_TARGET = 16.1;
				MTL_ENABLE_DEBUG_INFO = NO;
				MTL_FAST_MATH = YES;
				SDKROOT = iphoneos;
				SWIFT_COMPILATION_MODE = wholemodule;
				SWIFT_OPTIMIZATION_LEVEL = "-O";
				VALIDATE_PRODUCT = YES;
			};
			name = Release;
		};
		6D334B2A291E93090019F37C /* Debug */ = {
			isa = XCBuildConfiguration;
			baseConfigurationReference = 07CE4C1B7D6D7A63119BC917 /* Pods-YTMoyaWithRxDemo.debug.xcconfig */;
			buildSettings = {
				ASSETCATALOG_COMPILER_APPICON_NAME = AppIcon;
				ASSETCATALOG_COMPILER_GLOBAL_ACCENT_COLOR_NAME = AccentColor;
				CODE_SIGN_STYLE = Automatic;
				CURRENT_PROJECT_VERSION = 1;
				DEVELOPMENT_TEAM = KL2N82MUSP;
				GENERATE_INFOPLIST_FILE = YES;
				INFOPLIST_FILE = YTMoyaWithRxDemo/Info.plist;
				INFOPLIST_KEY_UIApplicationSupportsIndirectInputEvents = YES;
				INFOPLIST_KEY_UILaunchStoryboardName = LaunchScreen;
				INFOPLIST_KEY_UIMainStoryboardFile = Main;
				INFOPLIST_KEY_UISupportedInterfaceOrientations_iPad = "UIInterfaceOrientationPortrait UIInterfaceOrientationPortraitUpsideDown UIInterfaceOrientationLandscapeLeft UIInterfaceOrientationLandscapeRight";
				INFOPLIST_KEY_UISupportedInterfaceOrientations_iPhone = "UIInterfaceOrientationPortrait UIInterfaceOrientationLandscapeLeft UIInterfaceOrientationLandscapeRight";
				LD_RUNPATH_SEARCH_PATHS = (
					"$(inherited)",
					"@executable_path/Frameworks",
				);
				MARKETING_VERSION = 1.0;
				PRODUCT_BUNDLE_IDENTIFIER = com.fayeq.YTMoyaWithRxDemo;
				PRODUCT_NAME = "$(TARGET_NAME)";
				SWIFT_EMIT_LOC_STRINGS = YES;
				SWIFT_VERSION = 5.0;
				TARGETED_DEVICE_FAMILY = "1,2";
			};
			name = Debug;
		};
		6D334B2B291E93090019F37C /* Release */ = {
			isa = XCBuildConfiguration;
			baseConfigurationReference = 9EB89AA0217F63C0D0A2B564 /* Pods-YTMoyaWithRxDemo.release.xcconfig */;
			buildSettings = {
				ASSETCATALOG_COMPILER_APPICON_NAME = AppIcon;
				ASSETCATALOG_COMPILER_GLOBAL_ACCENT_COLOR_NAME = AccentColor;
				CODE_SIGN_STYLE = Automatic;
				CURRENT_PROJECT_VERSION = 1;
				DEVELOPMENT_TEAM = KL2N82MUSP;
				GENERATE_INFOPLIST_FILE = YES;
				INFOPLIST_FILE = YTMoyaWithRxDemo/Info.plist;
				INFOPLIST_KEY_UIApplicationSupportsIndirectInputEvents = YES;
				INFOPLIST_KEY_UILaunchStoryboardName = LaunchScreen;
				INFOPLIST_KEY_UIMainStoryboardFile = Main;
				INFOPLIST_KEY_UISupportedInterfaceOrientations_iPad = "UIInterfaceOrientationPortrait UIInterfaceOrientationPortraitUpsideDown UIInterfaceOrientationLandscapeLeft UIInterfaceOrientationLandscapeRight";
				INFOPLIST_KEY_UISupportedInterfaceOrientations_iPhone = "UIInterfaceOrientationPortrait UIInterfaceOrientationLandscapeLeft UIInterfaceOrientationLandscapeRight";
				LD_RUNPATH_SEARCH_PATHS = (
					"$(inherited)",
					"@executable_path/Frameworks",
				);
				MARKETING_VERSION = 1.0;
				PRODUCT_BUNDLE_IDENTIFIER = com.fayeq.YTMoyaWithRxDemo;
				PRODUCT_NAME = "$(TARGET_NAME)";
				SWIFT_EMIT_LOC_STRINGS = YES;
				SWIFT_VERSION = 5.0;
				TARGETED_DEVICE_FAMILY = "1,2";
			};
			name = Release;
		};
/* End XCBuildConfiguration section */

/* Begin XCConfigurationList section */
		6D334B10291E93060019F37C /* Build configuration list for PBXProject "YTMoyaWithRxDemo" */ = {
			isa = XCConfigurationList;
			buildConfigurations = (
				6D334B27291E93090019F37C /* Debug */,
				6D334B28291E93090019F37C /* Release */,
			);
			defaultConfigurationIsVisible = 0;
			defaultConfigurationName = Release;
		};
		6D334B29291E93090019F37C /* Build configuration list for PBXNativeTarget "YTMoyaWithRxDemo" */ = {
			isa = XCConfigurationList;
			buildConfigurations = (
				6D334B2A291E93090019F37C /* Debug */,
				6D334B2B291E93090019F37C /* Release */,
			);
			defaultConfigurationIsVisible = 0;
			defaultConfigurationName = Release;
		};
/* End XCConfigurationList section */
	};
	rootObject = 6D334B0D291E93060019F37C /* Project object */;
}
